
Microsoft Visual Studio Solution File, Format Version 12.00
# Visual Studio Version 16
VisualStudioVersion = 16.0.31702.278
MinimumVisualStudioVersion = 10.0.40219.1
Project("{FAE04EC0-301F-11D3-BF4B-00C04F79EFBC}") = "oct-29(task 3)", "oct-29(task 3)\oct-29(task 3).csproj", "{A6E2487E-B680-4A71-9E83-EC3822FC3954}"
EndProject
Global
	GlobalSection(SolutionConfigurationPlatforms) = preSolution
		Debug|Any CPU = Debug|Any CPU
		Release|Any CPU = Release|Any CPU
	EndGlobalSection
	GlobalSection(ProjectConfigurationPlatforms) = postSolution
		{A6E2487E-B680-4A71-9E83-EC3822FC3954}.Debug|Any CPU.ActiveCfg = Debug|Any CPU
		{A6E2487E-B680-4A71-9E83-EC3822FC3954}.Debug|Any CPU.Build.0 = Debug|Any CPU
		{A6E2487E-B680-4A71-9E83-EC3822FC3954}.Release|Any CPU.ActiveCfg = Release|Any CPU
		{A6E2487E-B680-4A71-9E83-EC3822FC3954}.Release|Any CPU.Build.0 = Release|Any CPU
	EndGlobalSection
	GlobalSection(SolutionProperties) = preSolution
		HideSolutionNode = FALSE
	EndGlobalSection
	GlobalSection(ExtensibilityGlobals) = postSolution
		SolutionGuid = {03BC3F4E-8569-4C43-B741-50A399C3EAE7}
	EndGlobalSection
EndGlobal
